// !$*UTF8*$!
{
	archiveVersion = 1;
	classes = {
	};
	objectVersion = 46;
	objects = {

/* Begin PBXBuildFile section */
		9B0FFEF51F969375007982E3 /* main.cpp in Sources */ = {isa = PBXBuildFile; fileRef = 9B0FFEF41F969375007982E3 /* main.cpp */; };
		9B0FFEFE1F969391007982E3 /* GLUT.framework in Frameworks */ = {isa = PBXBuildFile; fileRef = 9B0FFEFC1F969391007982E3 /* GLUT.framework */; };
		9B0FFEFF1F969391007982E3 /* OpenGL.framework in Frameworks */ = {isa = PBXBuildFile; fileRef = 9B0FFEFD1F969391007982E3 /* OpenGL.framework */; };
/* End PBXBuildFile section */

/* Begin PBXCopyFilesBuildPhase section */
		9B0FFEEF1F969375007982E3 /* CopyFiles */ = {
			isa = PBXCopyFilesBuildPhase;
			buildActionMask = 2147483647;
			dstPath = /usr/share/man/man1/;
			dstSubfolderSpec = 0;
			files = (
			);
			runOnlyForDeploymentPostprocessing = 1;
		};
/* End PBXCopyFilesBuildPhase section */

/* Begin PBXFileReference section */
		9B0FFEF11F969375007982E3 /* CSCI368_Project2 */ = {isa = PBXFileReference; explicitFileType = "compiled.mach-o.executable"; includeInIndex = 0; path = CSCI368_Project2; sourceTree = BUILT_PRODUCTS_DIR; };
		9B0FFEF41F969375007982E3 /* main.cpp */ = {isa = PBXFileReference; lastKnownFileType = sourcecode.cpp.cpp; path = main.cpp; sourceTree = "<group>"; };
		9B0FFEFC1F969391007982E3 /* GLUT.framework */ = {isa = PBXFileReference; lastKnownFileType = wrapper.framework; name = GLUT.framework; path = System/Library/Frameworks/GLUT.framework; sourceTree = SDKROOT; };
		9B0FFEFD1F969391007982E3 /* OpenGL.framework */ = {isa = PBXFileReference; lastKnownFileType = wrapper.framework; name = OpenGL.framework; path = System/Library/Frameworks/OpenGL.framework; sourceTree = SDKROOT; };
/* End PBXFileReference section */

/* Begin PBXFrameworksBuildPhase section */
		9B0FFEEE1F969375007982E3 /* Frameworks */ = {
			isa = PBXFrameworksBuildPhase;
			buildActionMask = 2147483647;
			files = (
				9B0FFEFE1F969391007982E3 /* GLUT.framework in Frameworks */,
				9B0FFEFF1F969391007982E3 /* OpenGL.framework in Frameworks */,
			);
			runOnlyForDeploymentPostprocessing = 0;
		};
/* End PBXFrameworksBuildPhase section */

/* Begin PBXGroup section */
		9B0FFEE81F969375007982E3 = {
			isa = PBXGroup;
			children = (
				9B0FFEF31F969375007982E3 /* CSCI368_Project2 */,
				9B0FFEF21F969375007982E3 /* Products */,
				9B0FFEFB1F969391007982E3 /* Frameworks */,
			);
			sourceTree = "<group>";
		};
		9B0FFEF21F969375007982E3 /* Products */ = {
			isa = PBXGroup;
			children = (
				9B0FFEF11F969375007982E3 /* CSCI368_Project2 */,
			);
			name = Products;
			sourceTree = "<group>";
		};
		9B0FFEF31F969375007982E3 /* CSCI368_Project2 */ = {
			isa = PBXGroup;
			children = (
				9B0FFEF41F969375007982E3 /* main.cpp */,
			);
			path = CSCI368_Project2;
			sourceTree = "<group>";
		};
		9B0FFEFB1F969391007982E3 /* Frameworks */ = {
			isa = PBXGroup;
			children = (
				9B0FFEFC1F969391007982E3 /* GLUT.framework */,
				9B0FFEFD1F969391007982E3 /* OpenGL.framework */,
			);
			name = Frameworks;
			sourceTree = "<group>";
		};
/* End PBXGroup section */

/* Begin PBXNativeTarget section */
		9B0FFEF01F969375007982E3 /* CSCI368_Project2 */ = {
			isa = PBXNativeTarget;
			buildConfigurationList = 9B0FFEF81F969375007982E3 /* Build configuration list for PBXNativeTarget "CSCI368_Project2" */;
			buildPhases = (
				9B0FFEED1F969375007982E3 /* Sources */,
				9B0FFEEE1F969375007982E3 /* Frameworks */,
				9B0FFEEF1F969375007982E3 /* CopyFiles */,
			);
			buildRules = (
			);
			dependencies = (
			);
			name = CSCI368_Project2;
			productName = CSCI368_Project2;
			productReference = 9B0FFEF11F969375007982E3 /* CSCI368_Project2 */;
			productType = "com.apple.product-type.tool";
		};
/* End PBXNativeTarget section */

/* Begin PBXProject section */
		9B0FFEE91F969375007982E3 /* Project object */ = {
			isa = PBXProject;
			attributes = {
				LastUpgradeCheck = 0830;
				ORGANIZATIONNAME = "Madushani Lekam Wasam Liyanage";
				TargetAttributes = {
					9B0FFEF01F969375007982E3 = {
						CreatedOnToolsVersion = 8.3.3;
						DevelopmentTeam = G6ZU47QNTF;
						ProvisioningStyle = Automatic;
					};
				};
			};
			buildConfigurationList = 9B0FFEEC1F969375007982E3 /* Build configuration list for PBXProject "CSCI368_Project2" */;
			compatibilityVersion = "Xcode 3.2";
			developmentRegion = English;
			hasScannedForEncodings = 0;
			knownRegions = (
				en,
			);
			mainGroup = 9B0FFEE81F969375007982E3;
			productRefGroup = 9B0FFEF21F969375007982E3 /* Products */;
			projectDirPath = "";
			projectRoot = "";
			targets = (
				9B0FFEF01F969375007982E3 /* CSCI368_Project2 */,
			);
		};
/* End PBXProject section */

/* Begin PBXSourcesBuildPhase section */
		9B0FFEED1F969375007982E3 /* Sources */ = {
			isa = PBXSourcesBuildPhase;
			buildActionMask = 2147483647;
			files = (
				9B0FFEF51F969375007982E3 /* main.cpp in Sources */,
			);
			runOnlyForDeploymentPostprocessing = 0;
		};
/* End PBXSourcesBuildPhase section */

/* Begin XCBuildConfiguration section */
		9B0FFEF61F969375007982E3 /* Debug */ = {
			isa = XCBuildConfiguration;
			buildSettings = {
				ALWAYS_SEARCH_USER_PATHS = NO;
				CLANG_ANALYZER_NONNULL = YES;
				CLANG_ANALYZER_NUMBER_OBJECT_CONVERSION = YES_AGGRESSIVE;
				CLANG_CXX_LANGUAGE_STANDARD = "gnu++0x";
				CLANG_CXX_LIBRARY = "libc++";
				CLANG_ENABLE_MODULES = YES;
				CLANG_ENABLE_OBJC_ARC = YES;
				CLANG_WARN_BOOL_CONVERSION = YES;
				CLANG_WARN_CONSTANT_CONVERSION = YES;
				CLANG_WARN_DIRECT_OBJC_ISA_USAGE = YES_ERROR;
				CLANG_WARN_DOCUMENTATION_COMMENTS = YES;
				CLANG_WARN_EMPTY_BODY = YES;
				CLANG_WARN_ENUM_CONVERSION = YES;
				CLANG_WARN_INFINITE_RECURSION = YES;
				CLANG_WARN_INT_CONVERSION = YES;
				CLANG_WARN_OBJC_ROOT_CLASS = YES_ERROR;
				CLANG_WARN_SUSPICIOUS_MOVE = YES;
				CLANG_WARN_UNREACHABLE_CODE = YES;
				CLANG_WARN__DUPLICATE_METHOD_MATCH = YES;
				CODE_SIGN_IDENTITY = "-";
				COPY_PHASE_STRIP = NO;
				DEBUG_INFORMATION_FORMAT = dwarf;
				ENABLE_STRICT_OBJC_MSGSEND = YES;
				ENABLE_TESTABILITY = YES;
				GCC_C_LANGUAGE_STANDARD = gnu99;
				GCC_DYNAMIC_NO_PIC = NO;
				GCC_NO_COMMON_BLOCKS = YES;
				GCC_OPTIMIZATION_LEVEL = 0;
				GCC_PREPROCESSOR_DEFINITIONS = (
					"DEBUG=1",
					"$(inherited)",
				);
				GCC_WARN_64_TO_32_BIT_CONVERSION = YES;
				GCC_WARN_ABOUT_RETURN_TYPE = YES_ERROR;
				GCC_WARN_UNDECLARED_SELECTOR = YES;
				GCC_WARN_UNINITIALIZED_AUTOS = YES_AGGRESSIVE;
				GCC_WARN_UNUSED_FUNCTION = YES;
				GCC_WARN_UNUSED_VARIABLE = YES;
				MACOSX_DEPLOYMENT_TARGET = 10.8;
				MTL_ENABLE_DEBUG_INFO = YES;
				ONLY_ACTIVE_ARCH = YES;
				SDKROOT = macosx;
			};
			name = Debug;
		};
		9B0FFEF71F969375007982E3 /* Release */ = {
			isa = XCBuildConfiguration;
			buildSettings = {
				ALWAYS_SEARCH_USER_PATHS = NO;
				CLANG_ANALYZER_NONNULL = YES;
				CLANG_ANALYZER_NUMBER_OBJECT_CONVERSION = YES_AGGRESSIVE;
				CLANG_CXX_LANGUAGE_STANDARD = "gnu++0x";
				CLANG_CXX_LIBRARY = "libc++";
				CLANG_ENABLE_MODULES = YES;
				CLANG_ENABLE_OBJC_ARC = YES;
				CLANG_WARN_BOOL_CONVERSION = YES;
				CLANG_WARN_CONSTANT_CONVERSION = YES;
				CLANG_WARN_DIRECT_OBJC_ISA_USAGE = YES_ERROR;
				CLANG_WARN_DOCUMENTATION_COMMENTS = YES;
				CLANG_WARN_EMPTY_BODY = YES;
				CLANG_WARN_ENUM_CONVERSION = YES;
				CLANG_WARN_INFINITE_RECURSION = YES;
				CLANG_WARN_INT_CONVERSION = YES;
				CLANG_WARN_OBJC_ROOT_CLASS = YES_ERROR;
				CLANG_WARN_SUSPICIOUS_MOVE = YES;
				CLANG_WARN_UNREACHABLE_CODE = YES;
				CLANG_WARN__DUPLICATE_METHOD_MATCH = YES;
				CODE_SIGN_IDENTITY = "-";
				COPY_PHASE_STRIP = NO;
				DEBUG_INFORMATION_FORMAT = "dwarf-with-dsym";
				ENABLE_NS_ASSERTIONS = NO;
				ENABLE_STRICT_OBJC_MSGSEND = YES;
				GCC_C_LANGUAGE_STANDARD = gnu99;
				GCC_NO_COMMON_BLOCKS = YES;
				GCC_WARN_64_TO_32_BIT_CONVERSION = YES;
				GCC_WARN_ABOUT_RETURN_TYPE = YES_ERROR;
				GCC_WARN_UNDECLARED_SELECTOR = YES;
				GCC_WARN_UNINITIALIZED_AUTOS = YES_AGGRESSIVE;
				GCC_WARN_UNUSED_FUNCTION = YES;
				GCC_WARN_UNUSED_VARIABLE = YES;
				MACOSX_DEPLOYMENT_TARGET = 10.8;
				MTL_ENABLE_DEBUG_INFO = NO;
				SDKROOT = macosx;
			};
			name = Release;
		};
		9B0FFEF91F969375007982E3 /* Debug */ = {
			isa = XCBuildConfiguration;
			buildSettings = {
				DEVELOPMENT_TEAM = G6ZU47QNTF;
				MACOSX_DEPLOYMENT_TARGET = 10.8;
				PRODUCT_NAME = "$(TARGET_NAME)";
			};
			name = Debug;
		};
		9B0FFEFA1F969375007982E3 /* Release */ = {
			isa = XCBuildConfiguration;
			buildSettings = {
				DEVELOPMENT_TEAM = G6ZU47QNTF;
				MACOSX_DEPLOYMENT_TARGET = 10.8;
				PRODUCT_NAME = "$(TARGET_NAME)";
			};
			name = Release;
		};
/* End XCBuildConfiguration section */

/* Begin XCConfigurationList section */
		9B0FFEEC1F969375007982E3 /* Build configuration list for PBXProject "CSCI368_Project2" */ = {
			isa = XCConfigurationList;
			buildConfigurations = (
				9B0FFEF61F969375007982E3 /* Debug */,
				9B0FFEF71F969375007982E3 /* Release */,
			);
			defaultConfigurationIsVisible = 0;
			defaultConfigurationName = Release;
		};
		9B0FFEF81F969375007982E3 /* Build configuration list for PBXNativeTarget "CSCI368_Project2" */ = {
			isa = XCConfigurationList;
			buildConfigurations = (
				9B0FFEF91F969375007982E3 /* Debug */,
				9B0FFEFA1F969375007982E3 /* Release */,
			);
			defaultConfigurationIsVisible = 0;
			defaultConfigurationName = Release;
		};
/* End XCConfigurationList section */
	};
	rootObject = 9B0FFEE91F969375007982E3 /* Project object */;
}
